{
  "name": "greet-ridsuteri",
  "version": "1.0.0",
  "lockfileVersion": 3,
  "requires": true,
  "packages": {
    "": {
      "name": "greet-ridsuteri",
      "version": "1.0.0",
      "license": "ISC"
    },
    "../../../../../.nvm/versions/node/v22.14.0/lib/node_modules/npm-package": {
      "version": "1.0.0",
      "extraneous": true
    }
  }
}
